
Microsoft Visual Studio Solution File, Format Version 12.00
# Visual Studio Version 17
VisualStudioVersion = 17.4.33403.182
MinimumVisualStudioVersion = 10.0.40219.1
Project("{FAE04EC0-301F-11D3-BF4B-00C04F79EFBC}") = "Problem10", "Problem10\Problem10.csproj", "{AC2A1492-3A3B-4C48-9969-C835AEA1A79C}"
EndProject
Global
	GlobalSection(SolutionConfigurationPlatforms) = preSolution
		Debug|Any CPU = Debug|Any CPU
		Release|Any CPU = Release|Any CPU
	EndGlobalSection
	GlobalSection(ProjectConfigurationPlatforms) = postSolution
		{AC2A1492-3A3B-4C48-9969-C835AEA1A79C}.Debug|Any CPU.ActiveCfg = Debug|Any CPU
		{AC2A1492-3A3B-4C48-9969-C835AEA1A79C}.Debug|Any CPU.Build.0 = Debug|Any CPU
		{AC2A1492-3A3B-4C48-9969-C835AEA1A79C}.Release|Any CPU.ActiveCfg = Release|Any CPU
		{AC2A1492-3A3B-4C48-9969-C835AEA1A79C}.Release|Any CPU.Build.0 = Release|Any CPU
	EndGlobalSection
	GlobalSection(SolutionProperties) = preSolution
		HideSolutionNode = FALSE
	EndGlobalSection
	GlobalSection(ExtensibilityGlobals) = postSolution
		SolutionGuid = {4ED33801-0881-4DF3-81AA-116E4957E783}
	EndGlobalSection
EndGlobal
