
Microsoft Visual Studio Solution File, Format Version 12.00
# Visual Studio Version 17
VisualStudioVersion = 17.2.32505.173
MinimumVisualStudioVersion = 10.0.40219.1
Project("{FAE04EC0-301F-11D3-BF4B-00C04F79EFBC}") = "Problem7", "Problem7\Problem7.csproj", "{083013E8-CF76-4613-8410-08C315B36331}"
EndProject
Global
	GlobalSection(SolutionConfigurationPlatforms) = preSolution
		Debug|Any CPU = Debug|Any CPU
		Release|Any CPU = Release|Any CPU
	EndGlobalSection
	GlobalSection(ProjectConfigurationPlatforms) = postSolution
		{083013E8-CF76-4613-8410-08C315B36331}.Debug|Any CPU.ActiveCfg = Debug|Any CPU
		{083013E8-CF76-4613-8410-08C315B36331}.Debug|Any CPU.Build.0 = Debug|Any CPU
		{083013E8-CF76-4613-8410-08C315B36331}.Release|Any CPU.ActiveCfg = Release|Any CPU
		{083013E8-CF76-4613-8410-08C315B36331}.Release|Any CPU.Build.0 = Release|Any CPU
	EndGlobalSection
	GlobalSection(SolutionProperties) = preSolution
		HideSolutionNode = FALSE
	EndGlobalSection
	GlobalSection(ExtensibilityGlobals) = postSolution
		SolutionGuid = {466E607B-B03D-4792-94BF-3FEC2ADA1091}
	EndGlobalSection
EndGlobal
